
Microsoft Visual Studio Solution File, Format Version 12.00
# Visual Studio Version 17
VisualStudioVersion = 17.1.32421.90
MinimumVisualStudioVersion = 10.0.40219.1
Project("{9A19103F-16F7-4668-BE54-9A1E7A4F7556}") = "Logic", "service\src\Logic\Logic.csproj", "{7E810DD4-EA2A-428A-A0A0-086B39832B88}"
EndProject
Project("{9A19103F-16F7-4668-BE54-9A1E7A4F7556}") = "UI", "client\src\UI.csproj", "{E6D1903D-5D42-44C1-8F06-E0FB1EEC005D}"
EndProject
Project("{9A19103F-16F7-4668-BE54-9A1E7A4F7556}") = "Api", "Api\Api.csproj", "{1A4CD339-2F8D-4BB3-8450-5A374784D073}"
EndProject
Project("{9A19103F-16F7-4668-BE54-9A1E7A4F7556}") = "ConsoleADO", "ConsoleADO\ConsoleADO.csproj", "{0CE03123-BB7F-4FD1-B602-235E97396467}"
EndProject
Project("{FAE04EC0-301F-11D3-BF4B-00C04F79EFBC}") = "ConsoleAppEF", "ConsoleAppEF\ConsoleAppEF.csproj", "{37788010-990E-4333-9A4C-EFDCAC226C16}"
EndProject
Global
	GlobalSection(SolutionConfigurationPlatforms) = preSolution
		Debug|Any CPU = Debug|Any CPU
		Release|Any CPU = Release|Any CPU
	EndGlobalSection
	GlobalSection(ProjectConfigurationPlatforms) = postSolution
		{7E810DD4-EA2A-428A-A0A0-086B39832B88}.Debug|Any CPU.ActiveCfg = Debug|Any CPU
		{7E810DD4-EA2A-428A-A0A0-086B39832B88}.Debug|Any CPU.Build.0 = Debug|Any CPU
		{7E810DD4-EA2A-428A-A0A0-086B39832B88}.Release|Any CPU.ActiveCfg = Release|Any CPU
		{7E810DD4-EA2A-428A-A0A0-086B39832B88}.Release|Any CPU.Build.0 = Release|Any CPU
		{E6D1903D-5D42-44C1-8F06-E0FB1EEC005D}.Debug|Any CPU.ActiveCfg = Debug|Any CPU
		{E6D1903D-5D42-44C1-8F06-E0FB1EEC005D}.Debug|Any CPU.Build.0 = Debug|Any CPU
		{E6D1903D-5D42-44C1-8F06-E0FB1EEC005D}.Release|Any CPU.ActiveCfg = Release|Any CPU
		{E6D1903D-5D42-44C1-8F06-E0FB1EEC005D}.Release|Any CPU.Build.0 = Release|Any CPU
		{1A4CD339-2F8D-4BB3-8450-5A374784D073}.Debug|Any CPU.ActiveCfg = Debug|Any CPU
		{1A4CD339-2F8D-4BB3-8450-5A374784D073}.Debug|Any CPU.Build.0 = Debug|Any CPU
		{1A4CD339-2F8D-4BB3-8450-5A374784D073}.Release|Any CPU.ActiveCfg = Release|Any CPU
		{1A4CD339-2F8D-4BB3-8450-5A374784D073}.Release|Any CPU.Build.0 = Release|Any CPU
		{0CE03123-BB7F-4FD1-B602-235E97396467}.Debug|Any CPU.ActiveCfg = Debug|Any CPU
		{0CE03123-BB7F-4FD1-B602-235E97396467}.Debug|Any CPU.Build.0 = Debug|Any CPU
		{0CE03123-BB7F-4FD1-B602-235E97396467}.Release|Any CPU.ActiveCfg = Release|Any CPU
		{0CE03123-BB7F-4FD1-B602-235E97396467}.Release|Any CPU.Build.0 = Release|Any CPU
		{37788010-990E-4333-9A4C-EFDCAC226C16}.Debug|Any CPU.ActiveCfg = Debug|Any CPU
		{37788010-990E-4333-9A4C-EFDCAC226C16}.Debug|Any CPU.Build.0 = Debug|Any CPU
		{37788010-990E-4333-9A4C-EFDCAC226C16}.Release|Any CPU.ActiveCfg = Release|Any CPU
		{37788010-990E-4333-9A4C-EFDCAC226C16}.Release|Any CPU.Build.0 = Release|Any CPU
	EndGlobalSection
	GlobalSection(SolutionProperties) = preSolution
		HideSolutionNode = FALSE
	EndGlobalSection
	GlobalSection(ExtensibilityGlobals) = postSolution
		SolutionGuid = {810F9461-D8D0-49F0-9916-E9A29C10DC7F}
	EndGlobalSection
EndGlobal
